
Microsoft Visual Studio Solution File, Format Version 12.00
# Visual Studio Version 16
VisualStudioVersion = 16.0.32002.261
MinimumVisualStudioVersion = 10.0.40219.1
Project("{F184B08F-C81C-45F6-A57F-5ABD9991F28F}") = "All_Conversions", "All_Conversions.vbproj", "{B716CB29-D9E0-4CF3-B13D-61B15A4C42F4}"
EndProject
Project("{F184B08F-C81C-45F6-A57F-5ABD9991F28F}") = "All_Conversions.Tests", "..\All_Conversions.Tests\All_Conversions.Tests.vbproj", "{3EA462B2-927E-4015-BFDE-A38EE495FD0F}"
EndProject
Global
	GlobalSection(SolutionConfigurationPlatforms) = preSolution
		Debug|Any CPU = Debug|Any CPU
		Release|Any CPU = Release|Any CPU
	EndGlobalSection
	GlobalSection(ProjectConfigurationPlatforms) = postSolution
		{B716CB29-D9E0-4CF3-B13D-61B15A4C42F4}.Debug|Any CPU.ActiveCfg = Debug|Any CPU
		{B716CB29-D9E0-4CF3-B13D-61B15A4C42F4}.Debug|Any CPU.Build.0 = Debug|Any CPU
		{B716CB29-D9E0-4CF3-B13D-61B15A4C42F4}.Release|Any CPU.ActiveCfg = Release|Any CPU
		{B716CB29-D9E0-4CF3-B13D-61B15A4C42F4}.Release|Any CPU.Build.0 = Release|Any CPU
		{3EA462B2-927E-4015-BFDE-A38EE495FD0F}.Debug|Any CPU.ActiveCfg = Debug|Any CPU
		{3EA462B2-927E-4015-BFDE-A38EE495FD0F}.Debug|Any CPU.Build.0 = Debug|Any CPU
		{3EA462B2-927E-4015-BFDE-A38EE495FD0F}.Release|Any CPU.ActiveCfg = Release|Any CPU
		{3EA462B2-927E-4015-BFDE-A38EE495FD0F}.Release|Any CPU.Build.0 = Release|Any CPU
	EndGlobalSection
	GlobalSection(SolutionProperties) = preSolution
		HideSolutionNode = FALSE
	EndGlobalSection
	GlobalSection(ExtensibilityGlobals) = postSolution
		SolutionGuid = {1C06060A-4C9C-44A7-8DA4-517E1AF521E7}
	EndGlobalSection
EndGlobal
